{
  "nodes": {
    "brew-src": {
      "flake": false,
      "locked": {
        "lastModified": 1753461463,
        "narHash": "sha256-kGc7pRH0diLzKmOHsEFA8sZ9NJpgT+tqxAMsuqNd5Po=",
        "owner": "Homebrew",
        "repo": "brew",
        "rev": "4d14be89e99a45181c18e96a5f19a5b43343cc0f",
        "type": "github"
      },
      "original": {
        "owner": "Homebrew",
        "ref": "4.5.13",
        "repo": "brew",
        "type": "github"
      }
    },
    "catppuccin": {
      "inputs": {
        "nixpkgs": "nixpkgs"
      },
      "locked": {
        "lastModified": 1755511413,
        "narHash": "sha256-cBBF+nwGrSroN6ZewHPFaSThyCvwBxSZMdYEH8DxDx8=",
        "owner": "catppuccin",
        "repo": "nix",
        "rev": "ca11a19d4e1d2ba5e6162f40cb71288551fd51dd",
        "type": "github"
      },
      "original": {
        "owner": "catppuccin",
        "repo": "nix",
        "type": "github"
      }
    },
    "darwin": {
      "inputs": {
        "nixpkgs": [
          "nixpkgs"
        ]
      },
      "locked": {
        "lastModified": 1755275010,
        "narHash": "sha256-lEApCoWUEWh0Ifc3k1JdVjpMtFFXeL2gG1qvBnoRc2I=",
        "owner": "lnl7",
        "repo": "nix-darwin",
        "rev": "7220b01d679e93ede8d7b25d6f392855b81dd475",
        "type": "github"
      },
      "original": {
        "owner": "lnl7",
        "ref": "master",
        "repo": "nix-darwin",
        "type": "github"
      }
    },
    "dream2nix": {
      "inputs": {
        "nixpkgs": "nixpkgs_2",
        "purescript-overlay": "purescript-overlay",
        "pyproject-nix": "pyproject-nix"
      },
      "locked": {
        "lastModified": 1735160684,
        "narHash": "sha256-n5CwhmqKxifuD4Sq4WuRP/h5LO6f23cGnSAuJemnd/4=",
        "owner": "nix-community",
        "repo": "dream2nix",
        "rev": "8ce6284ff58208ed8961681276f82c2f8f978ef4",
        "type": "github"
      },
      "original": {
        "owner": "nix-community",
        "repo": "dream2nix",
        "type": "github"
      }
    },
    "flake-compat": {
      "flake": false,
      "locked": {
        "lastModified": 1696426674,
        "narHash": "sha256-kvjfFW7WAETZlt09AgDn1MrtKzP7t90Vf7vypd3OL1U=",
        "owner": "edolstra",
        "repo": "flake-compat",
        "rev": "0f9255e01c2351cc7d116c072cb317785dd33b33",
        "type": "github"
      },
      "original": {
        "owner": "edolstra",
        "repo": "flake-compat",
        "type": "github"
      }
    },
    "home-manager": {
      "inputs": {
        "nixpkgs": [
          "nixpkgs"
        ]
      },
      "locked": {
        "lastModified": 1755491080,
        "narHash": "sha256-ib1Xi13NEalrFqQAHceRsb+6aIPANFuQq80SS/bY10M=",
        "owner": "nix-community",
        "repo": "home-manager",
        "rev": "f8af2cbe386f9b96dd9efa57ab15a09377f38f4d",
        "type": "github"
      },
      "original": {
        "owner": "nix-community",
        "repo": "home-manager",
        "type": "github"
      }
    },
    "homebrew-bundle": {
      "flake": false,
      "locked": {
        "lastModified": 1745335228,
        "narHash": "sha256-TIKR2UgtyUmHLNZp255/vLs+1I10hXe+sciMEbAGFwE=",
        "owner": "Homebrew",
        "repo": "homebrew-bundle",
        "rev": "a3265c84b232e13048ecbf6fc18a2eedfadbeb08",
        "type": "github"
      },
      "original": {
        "owner": "Homebrew",
        "repo": "homebrew-bundle",
        "type": "github"
      }
    },
    "homebrew-cask": {
      "flake": false,
      "locked": {
        "lastModified": 1755528582,
        "narHash": "sha256-PaZONYYhE/XnPJCg9mL86y5K3cgL44VFyylKiACdqUU=",
        "owner": "homebrew",
        "repo": "homebrew-cask",
        "rev": "35979df0ddbd83d33ccdf6fd5054fec6c2bf4f6e",
        "type": "github"
      },
      "original": {
        "owner": "homebrew",
        "repo": "homebrew-cask",
        "type": "github"
      }
    },
    "homebrew-core": {
      "flake": false,
      "locked": {
        "lastModified": 1755528760,
        "narHash": "sha256-/QJNZN4noWbnsJ9XIZaf4vdxIEQPnBGcPQOUCaHHvwE=",
        "owner": "homebrew",
        "repo": "homebrew-core",
        "rev": "b71a4cb82dc696dca78eb48842c7011f84111063",
        "type": "github"
      },
      "original": {
        "owner": "homebrew",
        "repo": "homebrew-core",
        "type": "github"
      }
    },
    "nix-homebrew": {
      "inputs": {
        "brew-src": "brew-src"
      },
      "locked": {
        "lastModified": 1754250993,
        "narHash": "sha256-MEin+qoQKtFC1b0f4tnQ+Z82BQWSCgh6Ef7rpmH9gig=",
        "owner": "zhaofengli",
        "repo": "nix-homebrew",
        "rev": "314d057294e79bc2596972126b84c6f9f144499a",
        "type": "github"
      },
      "original": {
        "owner": "zhaofengli",
        "repo": "nix-homebrew",
        "type": "github"
      }
    },
    "nixos-npm-ls": {
      "inputs": {
        "dream2nix": "dream2nix",
        "nixpkgs": [
          "nixos-npm-ls",
          "dream2nix",
          "nixpkgs"
        ]
      },
      "locked": {
        "lastModified": 1755022735,
        "narHash": "sha256-Wkv50BS4xOysasUVK4k5+sZ+y0V19dwM+6Z6CCoSymw=",
        "owner": "y3owk1n",
        "repo": "nixos-npm-ls",
        "rev": "9e5c4a01873a4339d72e5dd71b440fa157588d06",
        "type": "github"
      },
      "original": {
        "owner": "y3owk1n",
        "repo": "nixos-npm-ls",
        "type": "github"
      }
    },
    "nixpkgs": {
      "locked": {
        "lastModified": 1755027561,
        "narHash": "sha256-IVft239Bc8p8Dtvf7UAACMG5P3ZV+3/aO28gXpGtMXI=",
        "owner": "NixOS",
        "repo": "nixpkgs",
        "rev": "005433b926e16227259a1843015b5b2b7f7d1fc3",
        "type": "github"
      },
      "original": {
        "owner": "NixOS",
        "ref": "nixos-unstable",
        "repo": "nixpkgs",
        "type": "github"
      }
    },
    "nixpkgs_2": {
      "locked": {
        "lastModified": 1729850857,
        "narHash": "sha256-WvLXzNNnnw+qpFOmgaM3JUlNEH+T4s22b5i2oyyCpXE=",
        "owner": "NixOS",
        "repo": "nixpkgs",
        "rev": "41dea55321e5a999b17033296ac05fe8a8b5a257",
        "type": "github"
      },
      "original": {
        "owner": "NixOS",
        "ref": "nixpkgs-unstable",
        "repo": "nixpkgs",
        "type": "github"
      }
    },
    "nixpkgs_3": {
      "locked": {
        "lastModified": 1755268003,
        "narHash": "sha256-nNaeJjo861wFR0tjHDyCnHs1rbRtrMgxAKMoig9Sj/w=",
        "owner": "nixos",
        "repo": "nixpkgs",
        "rev": "32f313e49e42f715491e1ea7b306a87c16fe0388",
        "type": "github"
      },
      "original": {
        "owner": "nixos",
        "ref": "nixpkgs-unstable",
        "repo": "nixpkgs",
        "type": "github"
      }
    },
    "purescript-overlay": {
      "inputs": {
        "flake-compat": "flake-compat",
        "nixpkgs": [
          "nixos-npm-ls",
          "dream2nix",
          "nixpkgs"
        ],
        "slimlock": "slimlock"
      },
      "locked": {
        "lastModified": 1728546539,
        "narHash": "sha256-Sws7w0tlnjD+Bjck1nv29NjC5DbL6nH5auL9Ex9Iz2A=",
        "owner": "thomashoneyman",
        "repo": "purescript-overlay",
        "rev": "4ad4c15d07bd899d7346b331f377606631eb0ee4",
        "type": "github"
      },
      "original": {
        "owner": "thomashoneyman",
        "repo": "purescript-overlay",
        "type": "github"
      }
    },
    "pyproject-nix": {
      "flake": false,
      "locked": {
        "lastModified": 1702448246,
        "narHash": "sha256-hFg5s/hoJFv7tDpiGvEvXP0UfFvFEDgTdyHIjDVHu1I=",
        "owner": "davhau",
        "repo": "pyproject.nix",
        "rev": "5a06a2697b228c04dd2f35659b4b659ca74f7aeb",
        "type": "github"
      },
      "original": {
        "owner": "davhau",
        "ref": "dream2nix",
        "repo": "pyproject.nix",
        "type": "github"
      }
    },
    "root": {
      "inputs": {
        "catppuccin": "catppuccin",
        "darwin": "darwin",
        "home-manager": "home-manager",
        "homebrew-bundle": "homebrew-bundle",
        "homebrew-cask": "homebrew-cask",
        "homebrew-core": "homebrew-core",
        "nix-homebrew": "nix-homebrew",
        "nixos-npm-ls": "nixos-npm-ls",
        "nixpkgs": "nixpkgs_3"
      }
    },
    "slimlock": {
      "inputs": {
        "nixpkgs": [
          "nixos-npm-ls",
          "dream2nix",
          "purescript-overlay",
          "nixpkgs"
        ]
      },
      "locked": {
        "lastModified": 1688756706,
        "narHash": "sha256-xzkkMv3neJJJ89zo3o2ojp7nFeaZc2G0fYwNXNJRFlo=",
        "owner": "thomashoneyman",
        "repo": "slimlock",
        "rev": "cf72723f59e2340d24881fd7bf61cb113b4c407c",
        "type": "github"
      },
      "original": {
        "owner": "thomashoneyman",
        "repo": "slimlock",
        "type": "github"
      }
    }
  },
  "root": "root",
  "version": 7
}
